
Microsoft Visual Studio Solution File, Format Version 12.00
# Visual Studio Version 17
VisualStudioVersion = 17.9.34902.65
MinimumVisualStudioVersion = 10.0.40219.1
Project("{FAE04EC0-301F-11D3-BF4B-00C04F79EFBC}") = "RecurseNumber", "RecurseNumber\RecurseNumber.csproj", "{B4988446-ED12-406C-BB59-C42A8947B3BC}"
EndProject
Global
	GlobalSection(SolutionConfigurationPlatforms) = preSolution
		Debug|Any CPU = Debug|Any CPU
		Release|Any CPU = Release|Any CPU
	EndGlobalSection
	GlobalSection(ProjectConfigurationPlatforms) = postSolution
		{B4988446-ED12-406C-BB59-C42A8947B3BC}.Debug|Any CPU.ActiveCfg = Debug|Any CPU
		{B4988446-ED12-406C-BB59-C42A8947B3BC}.Debug|Any CPU.Build.0 = Debug|Any CPU
		{B4988446-ED12-406C-BB59-C42A8947B3BC}.Release|Any CPU.ActiveCfg = Release|Any CPU
		{B4988446-ED12-406C-BB59-C42A8947B3BC}.Release|Any CPU.Build.0 = Release|Any CPU
	EndGlobalSection
	GlobalSection(SolutionProperties) = preSolution
		HideSolutionNode = FALSE
	EndGlobalSection
	GlobalSection(ExtensibilityGlobals) = postSolution
		SolutionGuid = {B8330328-4ED3-4245-991F-24BFC4057694}
	EndGlobalSection
EndGlobal
